Microsoft Visual Studio Solution File, Format Version 12.00
# Visual Studio Version 17
VisualStudioVersion = 17.5.2.0
MinimumVisualStudioVersion = 10.0.40219.1
<<<<<<< HEAD
Project("{FAE04EC0-301F-11D3-BF4B-00C04F79EFBC}") = "movielens", "movielens\movielens.csproj", "{F603357D-2C45-3553-2057-856FDCA2E078}"
=======
Project("{2150E333-8FDC-42A3-9474-1A3956D46DE8}") = "AOP_Practice_Exam_2025", "AOP_Practice_Exam_2025", "{D0208034-871F-3137-CC96-36C92792D311}"
EndProject
Project("{2150E333-8FDC-42A3-9474-1A3956D46DE8}") = "Problem2", "Problem2", "{1FF1096A-38DC-0A8D-B740-910FA5819EB2}"
EndProject
Project("{FAE04EC0-301F-11D3-BF4B-00C04F79EFBC}") = "Circle", "AOP_Practice_Exam_2025\Problem2\Circle\Circle.csproj", "{8B8C5693-938C-AE81-914E-3E0563CB4E37}"
EndProject
Project("{2150E333-8FDC-42A3-9474-1A3956D46DE8}") = "Problem1", "Problem1", "{97B59CAC-DD9D-827F-50E2-9EA2CAC0C370}"
EndProject
Project("{FAE04EC0-301F-11D3-BF4B-00C04F79EFBC}") = "RestaurantSystem", "AOP_Practice_Exam_2025\Problem1\RestaurantSystem\RestaurantSystem.csproj", "{9A04C0E2-0BA2-39A7-8A9B-8646369750C3}"
EndProject
Project("{2150E333-8FDC-42A3-9474-1A3956D46DE8}") = "Problem3", "Problem3", "{848CFE90-4387-42EF-A1EB-443DB0FDB3E7}"
EndProject
Project("{FAE04EC0-301F-11D3-BF4B-00C04F79EFBC}") = "Comics", "AOP_Practice_Exam_2025\Problem3\Comics\Comics.csproj", "{CDB739F7-7A1E-9293-336A-A02DE7F873CC}"
>>>>>>> 3427880c0d1fabdb665b1fe699fb6e934d0c03b6
EndProject
Global
	GlobalSection(SolutionConfigurationPlatforms) = preSolution
		Debug|Any CPU = Debug|Any CPU
		Release|Any CPU = Release|Any CPU
	EndGlobalSection
	GlobalSection(ProjectConfigurationPlatforms) = postSolution
<<<<<<< HEAD
		{F603357D-2C45-3553-2057-856FDCA2E078}.Debug|Any CPU.ActiveCfg = Debug|Any CPU
		{F603357D-2C45-3553-2057-856FDCA2E078}.Debug|Any CPU.Build.0 = Debug|Any CPU
		{F603357D-2C45-3553-2057-856FDCA2E078}.Release|Any CPU.ActiveCfg = Release|Any CPU
		{F603357D-2C45-3553-2057-856FDCA2E078}.Release|Any CPU.Build.0 = Release|Any CPU
=======
		{8B8C5693-938C-AE81-914E-3E0563CB4E37}.Debug|Any CPU.ActiveCfg = Debug|Any CPU
		{8B8C5693-938C-AE81-914E-3E0563CB4E37}.Debug|Any CPU.Build.0 = Debug|Any CPU
		{8B8C5693-938C-AE81-914E-3E0563CB4E37}.Release|Any CPU.ActiveCfg = Release|Any CPU
		{8B8C5693-938C-AE81-914E-3E0563CB4E37}.Release|Any CPU.Build.0 = Release|Any CPU
		{9A04C0E2-0BA2-39A7-8A9B-8646369750C3}.Debug|Any CPU.ActiveCfg = Debug|Any CPU
		{9A04C0E2-0BA2-39A7-8A9B-8646369750C3}.Debug|Any CPU.Build.0 = Debug|Any CPU
		{9A04C0E2-0BA2-39A7-8A9B-8646369750C3}.Release|Any CPU.ActiveCfg = Release|Any CPU
		{9A04C0E2-0BA2-39A7-8A9B-8646369750C3}.Release|Any CPU.Build.0 = Release|Any CPU
		{CDB739F7-7A1E-9293-336A-A02DE7F873CC}.Debug|Any CPU.ActiveCfg = Debug|Any CPU
		{CDB739F7-7A1E-9293-336A-A02DE7F873CC}.Debug|Any CPU.Build.0 = Debug|Any CPU
		{CDB739F7-7A1E-9293-336A-A02DE7F873CC}.Release|Any CPU.ActiveCfg = Release|Any CPU
		{CDB739F7-7A1E-9293-336A-A02DE7F873CC}.Release|Any CPU.Build.0 = Release|Any CPU
>>>>>>> 3427880c0d1fabdb665b1fe699fb6e934d0c03b6
	EndGlobalSection
	GlobalSection(SolutionProperties) = preSolution
		HideSolutionNode = FALSE
	EndGlobalSection
<<<<<<< HEAD
	GlobalSection(ExtensibilityGlobals) = postSolution
		SolutionGuid = {F370D3ED-7C18-4E0A-AAA0-98939219EBE1}
=======
	GlobalSection(NestedProjects) = preSolution
		{1FF1096A-38DC-0A8D-B740-910FA5819EB2} = {D0208034-871F-3137-CC96-36C92792D311}
		{8B8C5693-938C-AE81-914E-3E0563CB4E37} = {1FF1096A-38DC-0A8D-B740-910FA5819EB2}
		{97B59CAC-DD9D-827F-50E2-9EA2CAC0C370} = {D0208034-871F-3137-CC96-36C92792D311}
		{9A04C0E2-0BA2-39A7-8A9B-8646369750C3} = {97B59CAC-DD9D-827F-50E2-9EA2CAC0C370}
		{848CFE90-4387-42EF-A1EB-443DB0FDB3E7} = {D0208034-871F-3137-CC96-36C92792D311}
		{CDB739F7-7A1E-9293-336A-A02DE7F873CC} = {848CFE90-4387-42EF-A1EB-443DB0FDB3E7}
	EndGlobalSection
	GlobalSection(ExtensibilityGlobals) = postSolution
		SolutionGuid = {EF76332C-66C1-4A24-9DC3-49FCCA543643}
>>>>>>> 3427880c0d1fabdb665b1fe699fb6e934d0c03b6
	EndGlobalSection
EndGlobal
